
Microsoft Visual Studio Solution File, Format Version 12.00
# Visual Studio Version 16
VisualStudioVersion = 16.0.31129.286
MinimumVisualStudioVersion = 10.0.40219.1
Project("{FAE04EC0-301F-11D3-BF4B-00C04F79EFBC}") = "GUI", "QuanLy_ChLaptop\GUI.csproj", "{D0CAEB76-33A4-4092-B7AA-BB6604DDEA59}"
EndProject
Project("{FAE04EC0-301F-11D3-BF4B-00C04F79EFBC}") = "DTO", "DTO\DTO.csproj", "{59CEBC7D-1B93-4F4A-9D47-C19C5745CB22}"
EndProject
Project("{FAE04EC0-301F-11D3-BF4B-00C04F79EFBC}") = "DAO", "DAO\DAO.csproj", "{C2E66561-7FF1-4477-A41C-E5A190028EDC}"
EndProject
Project("{FAE04EC0-301F-11D3-BF4B-00C04F79EFBC}") = "BUS", "BUS\BUS.csproj", "{8B3B4158-C703-4388-85FC-AAD398FF0B56}"
EndProject
Global
	GlobalSection(SolutionConfigurationPlatforms) = preSolution
		Debug|Any CPU = Debug|Any CPU
		Release|Any CPU = Release|Any CPU
	EndGlobalSection
	GlobalSection(ProjectConfigurationPlatforms) = postSolution
		{D0CAEB76-33A4-4092-B7AA-BB6604DDEA59}.Debug|Any CPU.ActiveCfg = Debug|Any CPU
		{D0CAEB76-33A4-4092-B7AA-BB6604DDEA59}.Debug|Any CPU.Build.0 = Debug|Any CPU
		{D0CAEB76-33A4-4092-B7AA-BB6604DDEA59}.Release|Any CPU.ActiveCfg = Release|Any CPU
		{D0CAEB76-33A4-4092-B7AA-BB6604DDEA59}.Release|Any CPU.Build.0 = Release|Any CPU
		{59CEBC7D-1B93-4F4A-9D47-C19C5745CB22}.Debug|Any CPU.ActiveCfg = Debug|Any CPU
		{59CEBC7D-1B93-4F4A-9D47-C19C5745CB22}.Debug|Any CPU.Build.0 = Debug|Any CPU
		{59CEBC7D-1B93-4F4A-9D47-C19C5745CB22}.Release|Any CPU.ActiveCfg = Release|Any CPU
		{59CEBC7D-1B93-4F4A-9D47-C19C5745CB22}.Release|Any CPU.Build.0 = Release|Any CPU
		{C2E66561-7FF1-4477-A41C-E5A190028EDC}.Debug|Any CPU.ActiveCfg = Debug|Any CPU
		{C2E66561-7FF1-4477-A41C-E5A190028EDC}.Debug|Any CPU.Build.0 = Debug|Any CPU
		{C2E66561-7FF1-4477-A41C-E5A190028EDC}.Release|Any CPU.ActiveCfg = Release|Any CPU
		{C2E66561-7FF1-4477-A41C-E5A190028EDC}.Release|Any CPU.Build.0 = Release|Any CPU
		{8B3B4158-C703-4388-85FC-AAD398FF0B56}.Debug|Any CPU.ActiveCfg = Debug|Any CPU
		{8B3B4158-C703-4388-85FC-AAD398FF0B56}.Debug|Any CPU.Build.0 = Debug|Any CPU
		{8B3B4158-C703-4388-85FC-AAD398FF0B56}.Release|Any CPU.ActiveCfg = Release|Any CPU
		{8B3B4158-C703-4388-85FC-AAD398FF0B56}.Release|Any CPU.Build.0 = Release|Any CPU
	EndGlobalSection
	GlobalSection(SolutionProperties) = preSolution
		HideSolutionNode = FALSE
	EndGlobalSection
	GlobalSection(ExtensibilityGlobals) = postSolution
		SolutionGuid = {4D9DB195-12DB-4301-B5CC-F9E31D5339B8}
	EndGlobalSection
EndGlobal
